// !$*UTF8*$!
{
	archiveVersion = 1;
	classes = {
	};
	objectVersion = 46;
	objects = {

/* Begin PBXBuildFile section */
		33B64C9C1D836D7800D0FBDA /* Models.swift in Sources */ = {isa = PBXBuildFile; fileRef = 33B64C9B1D836D7800D0FBDA /* Models.swift */; };
		33D498341D826444008EE4A1 /* AppDelegate.swift in Sources */ = {isa = PBXBuildFile; fileRef = 33D498331D826444008EE4A1 /* AppDelegate.swift */; };
		33D498391D826444008EE4A1 /* Main.storyboard in Resources */ = {isa = PBXBuildFile; fileRef = 33D498371D826444008EE4A1 /* Main.storyboard */; };
		33D4983B1D826444008EE4A1 /* Assets.xcassets in Resources */ = {isa = PBXBuildFile; fileRef = 33D4983A1D826444008EE4A1 /* Assets.xcassets */; };
		33D4983E1D826444008EE4A1 /* LaunchScreen.storyboard in Resources */ = {isa = PBXBuildFile; fileRef = 33D4983C1D826444008EE4A1 /* LaunchScreen.storyboard */; };
		33D498461D8264B1008EE4A1 /* Spotify.swift in Sources */ = {isa = PBXBuildFile; fileRef = 33D498451D8264B1008EE4A1 /* Spotify.swift */; };
		33FE0E0C1D83EE2B00A81C2C /* SearchVC.swift in Sources */ = {isa = PBXBuildFile; fileRef = 33FE0E0B1D83EE2B00A81C2C /* SearchVC.swift */; };
		33FE0E0E1D846FE300A81C2C /* ArtistProfileVC.swift in Sources */ = {isa = PBXBuildFile; fileRef = 33FE0E0D1D846FE300A81C2C /* ArtistProfileVC.swift */; };
		33FE0E101D87A56300A81C2C /* TableViewCell.swift in Sources */ = {isa = PBXBuildFile; fileRef = 33FE0E0F1D87A56300A81C2C /* TableViewCell.swift */; };
		33FE0E121D87AA4900A81C2C /* Helpers.swift in Sources */ = {isa = PBXBuildFile; fileRef = 33FE0E111D87AA4900A81C2C /* Helpers.swift */; };
		33FE0E141D89BB3700A81C2C /* QuartzCore.framework in Frameworks */ = {isa = PBXBuildFile; fileRef = 33FE0E131D89BB3700A81C2C /* QuartzCore.framework */; };
		33FE0E321D89D77900A81C2C /* UIImageView+YN.swift in Sources */ = {isa = PBXBuildFile; fileRef = 33FE0E311D89D77900A81C2C /* UIImageView+YN.swift */; };
		33FE0E361D8B037400A81C2C /* SongTVC.swift in Sources */ = {isa = PBXBuildFile; fileRef = 33FE0E351D8B037400A81C2C /* SongTVC.swift */; };
		33FE0E381D8B282B00A81C2C /* AlbumTVC.swift in Sources */ = {isa = PBXBuildFile; fileRef = 33FE0E371D8B282B00A81C2C /* AlbumTVC.swift */; };
/* End PBXBuildFile section */

/* Begin PBXFileReference section */
		33B64C9B1D836D7800D0FBDA /* Models.swift */ = {isa = PBXFileReference; fileEncoding = 4; lastKnownFileType = sourcecode.swift; path = Models.swift; sourceTree = "<group>"; };
		33D498301D826444008EE4A1 /* SpotifyDemo.app */ = {isa = PBXFileReference; explicitFileType = wrapper.application; includeInIndex = 0; path = SpotifyDemo.app; sourceTree = BUILT_PRODUCTS_DIR; };
		33D498331D826444008EE4A1 /* AppDelegate.swift */ = {isa = PBXFileReference; lastKnownFileType = sourcecode.swift; path = AppDelegate.swift; sourceTree = "<group>"; };
		33D498381D826444008EE4A1 /* Base */ = {isa = PBXFileReference; lastKnownFileType = file.storyboard; name = Base; path = Base.lproj/Main.storyboard; sourceTree = "<group>"; };
		33D4983A1D826444008EE4A1 /* Assets.xcassets */ = {isa = PBXFileReference; lastKnownFileType = folder.assetcatalog; path = Assets.xcassets; sourceTree = "<group>"; };
		33D4983D1D826444008EE4A1 /* Base */ = {isa = PBXFileReference; lastKnownFileType = file.storyboard; name = Base; path = Base.lproj/LaunchScreen.storyboard; sourceTree = "<group>"; };
		33D4983F1D826444008EE4A1 /* Info.plist */ = {isa = PBXFileReference; lastKnownFileType = text.plist.xml; path = Info.plist; sourceTree = "<group>"; };
		33D498451D8264B1008EE4A1 /* Spotify.swift */ = {isa = PBXFileReference; fileEncoding = 4; lastKnownFileType = sourcecode.swift; path = Spotify.swift; sourceTree = "<group>"; };
		33FE0E0B1D83EE2B00A81C2C /* SearchVC.swift */ = {isa = PBXFileReference; fileEncoding = 4; lastKnownFileType = sourcecode.swift; path = SearchVC.swift; sourceTree = "<group>"; };
		33FE0E0D1D846FE300A81C2C /* ArtistProfileVC.swift */ = {isa = PBXFileReference; fileEncoding = 4; lastKnownFileType = sourcecode.swift; path = ArtistProfileVC.swift; sourceTree = "<group>"; };
		33FE0E0F1D87A56300A81C2C /* TableViewCell.swift */ = {isa = PBXFileReference; fileEncoding = 4; lastKnownFileType = sourcecode.swift; path = TableViewCell.swift; sourceTree = "<group>"; };
		33FE0E111D87AA4900A81C2C /* Helpers.swift */ = {isa = PBXFileReference; fileEncoding = 4; lastKnownFileType = sourcecode.swift; path = Helpers.swift; sourceTree = "<group>"; };
		33FE0E131D89BB3700A81C2C /* QuartzCore.framework */ = {isa = PBXFileReference; lastKnownFileType = wrapper.framework; name = QuartzCore.framework; path = System/Library/Frameworks/QuartzCore.framework; sourceTree = SDKROOT; };
		33FE0E311D89D77900A81C2C /* UIImageView+YN.swift */ = {isa = PBXFileReference; fileEncoding = 4; lastKnownFileType = sourcecode.swift; path = "UIImageView+YN.swift"; sourceTree = "<group>"; };
		33FE0E351D8B037400A81C2C /* SongTVC.swift */ = {isa = PBXFileReference; fileEncoding = 4; lastKnownFileType = sourcecode.swift; path = SongTVC.swift; sourceTree = "<group>"; };
		33FE0E371D8B282B00A81C2C /* AlbumTVC.swift */ = {isa = PBXFileReference; fileEncoding = 4; lastKnownFileType = sourcecode.swift; path = AlbumTVC.swift; sourceTree = "<group>"; };
/* End PBXFileReference section */

/* Begin PBXFrameworksBuildPhase section */
		33D4982D1D826444008EE4A1 /* Frameworks */ = {
			isa = PBXFrameworksBuildPhase;
			buildActionMask = 2147483647;
			files = (
				33FE0E141D89BB3700A81C2C /* QuartzCore.framework in Frameworks */,
			);
			runOnlyForDeploymentPostprocessing = 0;
		};
/* End PBXFrameworksBuildPhase section */

/* Begin PBXGroup section */
		33D498271D826443008EE4A1 = {
			isa = PBXGroup;
			children = (
				33FE0E131D89BB3700A81C2C /* QuartzCore.framework */,
				33D498321D826444008EE4A1 /* SpotifyDemo */,
				33D498311D826444008EE4A1 /* Products */,
			);
			sourceTree = "<group>";
		};
		33D498311D826444008EE4A1 /* Products */ = {
			isa = PBXGroup;
			children = (
				33D498301D826444008EE4A1 /* SpotifyDemo.app */,
			);
			name = Products;
			sourceTree = "<group>";
		};
		33D498321D826444008EE4A1 /* SpotifyDemo */ = {
			isa = PBXGroup;
			children = (
				33D498331D826444008EE4A1 /* AppDelegate.swift */,
				33D498451D8264B1008EE4A1 /* Spotify.swift */,
				33FE0E0B1D83EE2B00A81C2C /* SearchVC.swift */,
				33FE0E0D1D846FE300A81C2C /* ArtistProfileVC.swift */,
				33FE0E351D8B037400A81C2C /* SongTVC.swift */,
				33FE0E371D8B282B00A81C2C /* AlbumTVC.swift */,
				33FE0E0F1D87A56300A81C2C /* TableViewCell.swift */,
				33FE0E311D89D77900A81C2C /* UIImageView+YN.swift */,
				33B64C9B1D836D7800D0FBDA /* Models.swift */,
				33FE0E111D87AA4900A81C2C /* Helpers.swift */,
				33D498371D826444008EE4A1 /* Main.storyboard */,
				33D4983A1D826444008EE4A1 /* Assets.xcassets */,
				33D4983C1D826444008EE4A1 /* LaunchScreen.storyboard */,
				33D4983F1D826444008EE4A1 /* Info.plist */,
			);
			path = SpotifyDemo;
			sourceTree = "<group>";
		};
/* End PBXGroup section */

/* Begin PBXNativeTarget section */
		33D4982F1D826444008EE4A1 /* SpotifyDemo */ = {
			isa = PBXNativeTarget;
			buildConfigurationList = 33D498421D826444008EE4A1 /* Build configuration list for PBXNativeTarget "SpotifyDemo" */;
			buildPhases = (
				33D4982C1D826444008EE4A1 /* Sources */,
				33D4982D1D826444008EE4A1 /* Frameworks */,
				33D4982E1D826444008EE4A1 /* Resources */,
			);
			buildRules = (
			);
			dependencies = (
			);
			name = SpotifyDemo;
			productName = SpotifyDemo;
			productReference = 33D498301D826444008EE4A1 /* SpotifyDemo.app */;
			productType = "com.apple.product-type.application";
		};
/* End PBXNativeTarget section */

/* Begin PBXProject section */
		33D498281D826443008EE4A1 /* Project object */ = {
			isa = PBXProject;
			attributes = {
				LastSwiftUpdateCheck = 0730;
				LastUpgradeCheck = 0730;
				ORGANIZATIONNAME = yulz;
				TargetAttributes = {
					33D4982F1D826444008EE4A1 = {
						CreatedOnToolsVersion = 7.3;
					};
				};
			};
			buildConfigurationList = 33D4982B1D826443008EE4A1 /* Build configuration list for PBXProject "SpotifyDemo" */;
			compatibilityVersion = "Xcode 3.2";
			developmentRegion = English;
			hasScannedForEncodings = 0;
			knownRegions = (
				en,
				Base,
			);
			mainGroup = 33D498271D826443008EE4A1;
			productRefGroup = 33D498311D826444008EE4A1 /* Products */;
			projectDirPath = "";
			projectRoot = "";
			targets = (
				33D4982F1D826444008EE4A1 /* SpotifyDemo */,
			);
		};
/* End PBXProject section */

/* Begin PBXResourcesBuildPhase section */
		33D4982E1D826444008EE4A1 /* Resources */ = {
			isa = PBXResourcesBuildPhase;
			buildActionMask = 2147483647;
			files = (
				33D4983E1D826444008EE4A1 /* LaunchScreen.storyboard in Resources */,
				33D4983B1D826444008EE4A1 /* Assets.xcassets in Resources */,
				33D498391D826444008EE4A1 /* Main.storyboard in Resources */,
			);
			runOnlyForDeploymentPostprocessing = 0;
		};
/* End PBXResourcesBuildPhase section */

/* Begin PBXSourcesBuildPhase section */
		33D4982C1D826444008EE4A1 /* Sources */ = {
			isa = PBXSourcesBuildPhase;
			buildActionMask = 2147483647;
			files = (
				33FE0E0C1D83EE2B00A81C2C /* SearchVC.swift in Sources */,
				33FE0E121D87AA4900A81C2C /* Helpers.swift in Sources */,
				33FE0E361D8B037400A81C2C /* SongTVC.swift in Sources */,
				33B64C9C1D836D7800D0FBDA /* Models.swift in Sources */,
				33D498461D8264B1008EE4A1 /* Spotify.swift in Sources */,
				33FE0E101D87A56300A81C2C /* TableViewCell.swift in Sources */,
				33D498341D826444008EE4A1 /* AppDelegate.swift in Sources */,
				33FE0E321D89D77900A81C2C /* UIImageView+YN.swift in Sources */,
				33FE0E0E1D846FE300A81C2C /* ArtistProfileVC.swift in Sources */,
				33FE0E381D8B282B00A81C2C /* AlbumTVC.swift in Sources */,
			);
			runOnlyForDeploymentPostprocessing = 0;
		};
/* End PBXSourcesBuildPhase section */

/* Begin PBXVariantGroup section */
		33D498371D826444008EE4A1 /* Main.storyboard */ = {
			isa = PBXVariantGroup;
			children = (
				33D498381D826444008EE4A1 /* Base */,
			);
			name = Main.storyboard;
			sourceTree = "<group>";
		};
		33D4983C1D826444008EE4A1 /* LaunchScreen.storyboard */ = {
			isa = PBXVariantGroup;
			children = (
				33D4983D1D826444008EE4A1 /* Base */,
			);
			name = LaunchScreen.storyboard;
			sourceTree = "<group>";
		};
/* End PBXVariantGroup section */

/* Begin XCBuildConfiguration section */
		33D498401D826444008EE4A1 /* Debug */ = {
			isa = XCBuildConfiguration;
			buildSettings = {
				ALWAYS_SEARCH_USER_PATHS = NO;
				CLANG_ANALYZER_NONNULL = YES;
				CLANG_CXX_LANGUAGE_STANDARD = "gnu++0x";
				CLANG_CXX_LIBRARY = "libc++";
				CLANG_ENABLE_MODULES = YES;
				CLANG_ENABLE_OBJC_ARC = YES;
				CLANG_WARN_BOOL_CONVERSION = YES;
				CLANG_WARN_CONSTANT_CONVERSION = YES;
				CLANG_WARN_DIRECT_OBJC_ISA_USAGE = YES_ERROR;
				CLANG_WARN_EMPTY_BODY = YES;
				CLANG_WARN_ENUM_CONVERSION = YES;
				CLANG_WARN_INT_CONVERSION = YES;
				CLANG_WARN_OBJC_ROOT_CLASS = YES_ERROR;
				CLANG_WARN_UNREACHABLE_CODE = YES;
				CLANG_WARN__DUPLICATE_METHOD_MATCH = YES;
				"CODE_SIGN_IDENTITY[sdk=iphoneos*]" = "iPhone Developer";
				COPY_PHASE_STRIP = NO;
				DEBUG_INFORMATION_FORMAT = dwarf;
				ENABLE_STRICT_OBJC_MSGSEND = YES;
				ENABLE_TESTABILITY = YES;
				GCC_C_LANGUAGE_STANDARD = gnu99;
				GCC_DYNAMIC_NO_PIC = NO;
				GCC_NO_COMMON_BLOCKS = YES;
				GCC_OPTIMIZATION_LEVEL = 0;
				GCC_PREPROCESSOR_DEFINITIONS = (
					"DEBUG=1",
					"$(inherited)",
				);
				GCC_WARN_64_TO_32_BIT_CONVERSION = YES;
				GCC_WARN_ABOUT_RETURN_TYPE = YES_ERROR;
				GCC_WARN_UNDECLARED_SELECTOR = YES;
				GCC_WARN_UNINITIALIZED_AUTOS = YES_AGGRESSIVE;
				GCC_WARN_UNUSED_FUNCTION = YES;
				GCC_WARN_UNUSED_VARIABLE = YES;
				IPHONEOS_DEPLOYMENT_TARGET = 9.3;
				MTL_ENABLE_DEBUG_INFO = YES;
				ONLY_ACTIVE_ARCH = YES;
				SDKROOT = iphoneos;
				SWIFT_OPTIMIZATION_LEVEL = "-Onone";
				TARGETED_DEVICE_FAMILY = "1,2";
			};
			name = Debug;
		};
		33D498411D826444008EE4A1 /* Release */ = {
			isa = XCBuildConfiguration;
			buildSettings = {
				ALWAYS_SEARCH_USER_PATHS = NO;
				CLANG_ANALYZER_NONNULL = YES;
				CLANG_CXX_LANGUAGE_STANDARD = "gnu++0x";
				CLANG_CXX_LIBRARY = "libc++";
				CLANG_ENABLE_MODULES = YES;
				CLANG_ENABLE_OBJC_ARC = YES;
				CLANG_WARN_BOOL_CONVERSION = YES;
				CLANG_WARN_CONSTANT_CONVERSION = YES;
				CLANG_WARN_DIRECT_OBJC_ISA_USAGE = YES_ERROR;
				CLANG_WARN_EMPTY_BODY = YES;
				CLANG_WARN_ENUM_CONVERSION = YES;
				CLANG_WARN_INT_CONVERSION = YES;
				CLANG_WARN_OBJC_ROOT_CLASS = YES_ERROR;
				CLANG_WARN_UNREACHABLE_CODE = YES;
				CLANG_WARN__DUPLICATE_METHOD_MATCH = YES;
				"CODE_SIGN_IDENTITY[sdk=iphoneos*]" = "iPhone Developer";
				COPY_PHASE_STRIP = NO;
				DEBUG_INFORMATION_FORMAT = "dwarf-with-dsym";
				ENABLE_NS_ASSERTIONS = NO;
				ENABLE_STRICT_OBJC_MSGSEND = YES;
				GCC_C_LANGUAGE_STANDARD = gnu99;
				GCC_NO_COMMON_BLOCKS = YES;
				GCC_WARN_64_TO_32_BIT_CONVERSION = YES;
				GCC_WARN_ABOUT_RETURN_TYPE = YES_ERROR;
				GCC_WARN_UNDECLARED_SELECTOR = YES;
				GCC_WARN_UNINITIALIZED_AUTOS = YES_AGGRESSIVE;
				GCC_WARN_UNUSED_FUNCTION = YES;
				GCC_WARN_UNUSED_VARIABLE = YES;
				IPHONEOS_DEPLOYMENT_TARGET = 9.3;
				MTL_ENABLE_DEBUG_INFO = NO;
				SDKROOT = iphoneos;
				TARGETED_DEVICE_FAMILY = "1,2";
				VALIDATE_PRODUCT = YES;
			};
			name = Release;
		};
		33D498431D826444008EE4A1 /* Debug */ = {
			isa = XCBuildConfiguration;
			buildSettings = {
				ASSETCATALOG_COMPILER_APPICON_NAME = AppIcon;
				INFOPLIST_FILE = SpotifyDemo/Info.plist;
				LD_RUNPATH_SEARCH_PATHS = "$(inherited) @executable_path/Frameworks";
				PRODUCT_BUNDLE_IDENTIFIER = com.yulz.SpotifyDemo;
				PRODUCT_NAME = "$(TARGET_NAME)";
			};
			name = Debug;
		};
		33D498441D826444008EE4A1 /* Release */ = {
			isa = XCBuildConfiguration;
			buildSettings = {
				ASSETCATALOG_COMPILER_APPICON_NAME = AppIcon;
				INFOPLIST_FILE = SpotifyDemo/Info.plist;
				LD_RUNPATH_SEARCH_PATHS = "$(inherited) @executable_path/Frameworks";
				PRODUCT_BUNDLE_IDENTIFIER = com.yulz.SpotifyDemo;
				PRODUCT_NAME = "$(TARGET_NAME)";
			};
			name = Release;
		};
/* End XCBuildConfiguration section */

/* Begin XCConfigurationList section */
		33D4982B1D826443008EE4A1 /* Build configuration list for PBXProject "SpotifyDemo" */ = {
			isa = XCConfigurationList;
			buildConfigurations = (
				33D498401D826444008EE4A1 /* Debug */,
				33D498411D826444008EE4A1 /* Release */,
			);
			defaultConfigurationIsVisible = 0;
			defaultConfigurationName = Release;
		};
		33D498421D826444008EE4A1 /* Build configuration list for PBXNativeTarget "SpotifyDemo" */ = {
			isa = XCConfigurationList;
			buildConfigurations = (
				33D498431D826444008EE4A1 /* Debug */,
				33D498441D826444008EE4A1 /* Release */,
			);
			defaultConfigurationIsVisible = 0;
			defaultConfigurationName = Release;
		};
/* End XCConfigurationList section */
	};
	rootObject = 33D498281D826443008EE4A1 /* Project object */;
}
